
Microsoft Visual Studio Solution File, Format Version 12.00
# Visual Studio Version 17
VisualStudioVersion = 17.1.32407.343
MinimumVisualStudioVersion = 10.0.40219.1
Project("{8BC9CEB8-8B4A-11D0-8D11-00A0C91BC942}") = "Z4is", "Z4is\Z4is.vcxproj", "{ACB9486E-F771-4D80-B6DC-709C81015982}"
EndProject
Global
	GlobalSection(SolutionConfigurationPlatforms) = preSolution
		Debug|x64 = Debug|x64
		Debug|x86 = Debug|x86
		Release|x64 = Release|x64
		Release|x86 = Release|x86
	EndGlobalSection
	GlobalSection(ProjectConfigurationPlatforms) = postSolution
		{ACB9486E-F771-4D80-B6DC-709C81015982}.Debug|x64.ActiveCfg = Debug|x64
		{ACB9486E-F771-4D80-B6DC-709C81015982}.Debug|x64.Build.0 = Debug|x64
		{ACB9486E-F771-4D80-B6DC-709C81015982}.Debug|x86.ActiveCfg = Debug|Win32
		{ACB9486E-F771-4D80-B6DC-709C81015982}.Debug|x86.Build.0 = Debug|Win32
		{ACB9486E-F771-4D80-B6DC-709C81015982}.Release|x64.ActiveCfg = Release|x64
		{ACB9486E-F771-4D80-B6DC-709C81015982}.Release|x64.Build.0 = Release|x64
		{ACB9486E-F771-4D80-B6DC-709C81015982}.Release|x86.ActiveCfg = Release|Win32
		{ACB9486E-F771-4D80-B6DC-709C81015982}.Release|x86.Build.0 = Release|Win32
	EndGlobalSection
	GlobalSection(SolutionProperties) = preSolution
		HideSolutionNode = FALSE
	EndGlobalSection
	GlobalSection(ExtensibilityGlobals) = postSolution
		SolutionGuid = {891F0564-F08E-49DF-8954-C0DEA22AF73E}
	EndGlobalSection
EndGlobal
